# This file was autogenerated by uv via the following command:
#    uv pip compile pyproject.toml --extra plotting --extra analysis --extra sca --extra workflow -o requirements.lock
appdirs==1.4.4
    # via snakemake
argparse==1.4.0
    # via pysca
argparse-dataclass==2.0.0
    # via
    #   snakemake-interface-common
    #   snakemake-interface-executor-plugins
    #   yte
attrs==26.1.0
    # via
    #   jsonschema
    #   referencing
biopython==1.87
    # via
    #   sbm (pyproject.toml)
    #   pysca
certifi==2026.5.20
    # via requests
charset-normalizer==3.4.7
    # via requests
conda-inject==1.3.2
    # via snakemake
configargparse==1.7.5
    # via
    #   snakemake
    #   snakemake-interface-common
connection-pool==0.0.3
    # via snakemake
contourpy==1.3.3
    # via matplotlib
cycler==0.12.1
    # via matplotlib
docutils==0.23
    # via snakemake
dpath==2.2.0
    # via
    #   snakemake
    #   yte
fastjsonschema==2.21.2
    # via nbformat
fonttools==4.62.1
    # via matplotlib
gitdb==4.0.12
    # via gitpython
gitpython==3.1.50
    # via snakemake
humanfriendly==10.0
    # via snakemake
idna==3.18
    # via requests
immutables==0.21
    # via snakemake
jinja2==3.1.6
    # via snakemake
joblib==1.5.3
    # via scikit-learn
jsonschema==4.26.0
    # via
    #   nbformat
    #   snakemake
jsonschema-specifications==2025.9.1
    # via jsonschema
jupyter-core==5.9.1
    # via nbformat
kiwisolver==1.5.0
    # via matplotlib
markupsafe==3.0.3
    # via jinja2
matplotlib==3.10.9
    # via
    #   sbm (pyproject.toml)
    #   pysca
    #   seaborn
more-itertools==11.0.2
    # via sbm (pyproject.toml)
narwhals==2.20.0
    # via plotly
nbformat==5.10.4
    # via snakemake
numpy==2.4.4
    # via
    #   sbm (pyproject.toml)
    #   biopython
    #   contourpy
    #   matplotlib
    #   pandas
    #   pot
    #   pygsp
    #   pysca
    #   scikit-learn
    #   scipy
    #   seaborn
packaging==25.0
    # via
    #   matplotlib
    #   plotly
    #   snakemake
    #   snakemake-interface-common
    #   wheel
pandas==3.0.2
    # via
    #   sbm (pyproject.toml)
    #   seaborn
pillow==12.2.0
    # via matplotlib
platformdirs==4.10.0
    # via jupyter-core
plotly==6.7.0
    # via sbm (pyproject.toml)
pot==0.9.6.post1
    # via sbm (pyproject.toml)
psutil==7.2.2
    # via snakemake
pulp==2.9.0
    # via snakemake
pygsp==0.6.1
    # via sbm (pyproject.toml)
pyparsing==3.3.2
    # via matplotlib
pysca @ git+https://github.com/ranganathanlab/pySCA@ca76fee528a828ecfa18bd11ba377a750bf8c248
    # via sbm (pyproject.toml)
python-dateutil==2.9.0.post0
    # via
    #   matplotlib
    #   pandas
pyyaml==6.0.3
    # via
    #   sbm (pyproject.toml)
    #   conda-inject
    #   snakemake
    #   yte
referencing==0.37.0
    # via
    #   jsonschema
    #   jsonschema-specifications
requests==2.34.2
    # via snakemake
reretry==0.11.8
    # via
    #   snakemake
    #   snakemake-interface-storage-plugins
rpds-py==2026.5.1
    # via
    #   jsonschema
    #   referencing
scikit-learn==1.8.0
    # via sbm (pyproject.toml)
scipy==1.17.1
    # via
    #   sbm (pyproject.toml)
    #   pot
    #   pygsp
    #   pysca
    #   scikit-learn
seaborn==0.13.2
    # via sbm (pyproject.toml)
six==1.17.0
    # via python-dateutil
smart-open==7.6.1
    # via snakemake
smmap==5.0.3
    # via gitdb
snakemake==8.30.0
    # via sbm (pyproject.toml)
snakemake-interface-common==1.23.0
    # via
    #   snakemake
    #   snakemake-interface-executor-plugins
    #   snakemake-interface-report-plugins
    #   snakemake-interface-storage-plugins
snakemake-interface-executor-plugins==9.4.0
    # via snakemake
snakemake-interface-report-plugins==1.3.0
    # via snakemake
snakemake-interface-storage-plugins==3.5.0
    # via snakemake
tabulate==0.10.0
    # via snakemake
threadpoolctl==3.6.0
    # via scikit-learn
throttler==1.2.3
    # via
    #   snakemake
    #   snakemake-interface-executor-plugins
    #   snakemake-interface-storage-plugins
tqdm==4.67.3
    # via sbm (pyproject.toml)
traitlets==5.15.1
    # via
    #   jupyter-core
    #   nbformat
typing-extensions==4.15.0
    # via referencing
urllib3==2.7.0
    # via requests
wheel==0.47.0
    # via pysca
wrapt==1.17.3
    # via
    #   smart-open
    #   snakemake
    #   snakemake-interface-storage-plugins
yte==1.9.4
    # via snakemake
