# This file was autogenerated by uv via the following command:
#    uv pip compile pyproject.toml --extra plotting --extra analysis -o requirements.lock
biopython==1.87
    # via sbm (pyproject.toml)
contourpy==1.3.3
    # via matplotlib
cycler==0.12.1
    # via matplotlib
fonttools==4.62.1
    # via matplotlib
joblib==1.5.3
    # via scikit-learn
kiwisolver==1.5.0
    # via matplotlib
matplotlib==3.10.9
    # via
    #   sbm (pyproject.toml)
    #   seaborn
more-itertools==11.0.2
    # via sbm (pyproject.toml)
narwhals==2.20.0
    # via plotly
numpy==2.4.4
    # via
    #   sbm (pyproject.toml)
    #   biopython
    #   contourpy
    #   matplotlib
    #   pandas
    #   pot
    #   pygsp
    #   scikit-learn
    #   scipy
    #   seaborn
packaging==26.2
    # via
    #   matplotlib
    #   plotly
pandas==3.0.2
    # via
    #   sbm (pyproject.toml)
    #   seaborn
pillow==12.2.0
    # via matplotlib
plotly==6.7.0
    # via sbm (pyproject.toml)
pot==0.9.6.post1
    # via sbm (pyproject.toml)
pygsp==0.6.1
    # via sbm (pyproject.toml)
pyparsing==3.3.2
    # via matplotlib
python-dateutil==2.9.0.post0
    # via
    #   matplotlib
    #   pandas
scikit-learn==1.8.0
    # via sbm (pyproject.toml)
scipy==1.17.1
    # via
    #   sbm (pyproject.toml)
    #   pot
    #   pygsp
    #   scikit-learn
seaborn==0.13.2
    # via sbm (pyproject.toml)
six==1.17.0
    # via python-dateutil
threadpoolctl==3.6.0
    # via scikit-learn
tqdm==4.67.3
    # via sbm (pyproject.toml)
